
Microsoft Visual Studio Solution File, Format Version 12.00
# Visual Studio Version 17
VisualStudioVersion = 17.4.33110.190
MinimumVisualStudioVersion = 10.0.40219.1
Project("{FAE04EC0-301F-11D3-BF4B-00C04F79EFBC}") = "MoonBurger", "MoonBurger\MoonBurger.csproj", "{DFC5D5CB-312C-49AE-B1E5-BA53393CA271}"
EndProject
Global
	GlobalSection(SolutionConfigurationPlatforms) = preSolution
		Debug|Any CPU = Debug|Any CPU
		Release|Any CPU = Release|Any CPU
	EndGlobalSection
	GlobalSection(ProjectConfigurationPlatforms) = postSolution
		{DFC5D5CB-312C-49AE-B1E5-BA53393CA271}.Debug|Any CPU.ActiveCfg = Debug|Any CPU
		{DFC5D5CB-312C-49AE-B1E5-BA53393CA271}.Debug|Any CPU.Build.0 = Debug|Any CPU
		{DFC5D5CB-312C-49AE-B1E5-BA53393CA271}.Release|Any CPU.ActiveCfg = Release|Any CPU
		{DFC5D5CB-312C-49AE-B1E5-BA53393CA271}.Release|Any CPU.Build.0 = Release|Any CPU
	EndGlobalSection
	GlobalSection(SolutionProperties) = preSolution
		HideSolutionNode = FALSE
	EndGlobalSection
	GlobalSection(ExtensibilityGlobals) = postSolution
		SolutionGuid = {5B52A24C-2E08-44C9-911F-2BF3C9644448}
	EndGlobalSection
EndGlobal
